
Microsoft Visual Studio Solution File, Format Version 12.00
# Visual Studio Version 17
VisualStudioVersion = 17.11.35327.3
MinimumVisualStudioVersion = 10.0.40219.1
Project("{FAE04EC0-301F-11D3-BF4B-00C04F79EFBC}") = "AssesmentProject", "AssesmentProject\AssesmentProject.csproj", "{5FC0E33E-C7D7-4649-A1C2-9706B13060F3}"
EndProject
Global
	GlobalSection(SolutionConfigurationPlatforms) = preSolution
		Debug|Any CPU = Debug|Any CPU
		Release|Any CPU = Release|Any CPU
	EndGlobalSection
	GlobalSection(ProjectConfigurationPlatforms) = postSolution
		{5FC0E33E-C7D7-4649-A1C2-9706B13060F3}.Debug|Any CPU.ActiveCfg = Debug|Any CPU
		{5FC0E33E-C7D7-4649-A1C2-9706B13060F3}.Debug|Any CPU.Build.0 = Debug|Any CPU
		{5FC0E33E-C7D7-4649-A1C2-9706B13060F3}.Release|Any CPU.ActiveCfg = Release|Any CPU
		{5FC0E33E-C7D7-4649-A1C2-9706B13060F3}.Release|Any CPU.Build.0 = Release|Any CPU
	EndGlobalSection
	GlobalSection(SolutionProperties) = preSolution
		HideSolutionNode = FALSE
	EndGlobalSection
	GlobalSection(ExtensibilityGlobals) = postSolution
		SolutionGuid = {2D2FF9A5-2F65-47DB-A81E-EDB5E9EEFB10}
	EndGlobalSection
EndGlobal
